
Microsoft Visual Studio Solution File, Format Version 12.00
# Visual Studio Version 17
VisualStudioVersion = 17.5.002.0
MinimumVisualStudioVersion = 10.0.40219.1
Project("{9A19103F-16F7-4668-BE54-9A1E7A4F7556}") = "IntegraBrasilApi", "IntegraBrasilApi.csproj", "{A658B1DD-682B-4EA6-8C29-ACB2F86FD69E}"
EndProject
Global
	GlobalSection(SolutionConfigurationPlatforms) = preSolution
		Debug|Any CPU = Debug|Any CPU
		Release|Any CPU = Release|Any CPU
	EndGlobalSection
	GlobalSection(ProjectConfigurationPlatforms) = postSolution
		{A658B1DD-682B-4EA6-8C29-ACB2F86FD69E}.Debug|Any CPU.ActiveCfg = Debug|Any CPU
		{A658B1DD-682B-4EA6-8C29-ACB2F86FD69E}.Debug|Any CPU.Build.0 = Debug|Any CPU
		{A658B1DD-682B-4EA6-8C29-ACB2F86FD69E}.Release|Any CPU.ActiveCfg = Release|Any CPU
		{A658B1DD-682B-4EA6-8C29-ACB2F86FD69E}.Release|Any CPU.Build.0 = Release|Any CPU
	EndGlobalSection
	GlobalSection(SolutionProperties) = preSolution
		HideSolutionNode = FALSE
	EndGlobalSection
	GlobalSection(ExtensibilityGlobals) = postSolution
		SolutionGuid = {46BED122-4014-47CE-A8BA-51ED2B8C0597}
	EndGlobalSection
EndGlobal
